
Microsoft Visual Studio Solution File, Format Version 12.00
# Visual Studio Version 17
VisualStudioVersion = 17.0.31903.59
MinimumVisualStudioVersion = 10.0.40219.1
Project("{9A19103F-16F7-4668-BE54-9A1E7A4F7556}") = "api", "api\api.csproj", "{6362A3DE-FCAD-401F-B028-9FCCD5A07AB9}"
EndProject
Project("{FAE04EC0-301F-11D3-BF4B-00C04F79EFBC}") = "DownloadSeed", "DownloadSeed\DownloadSeed.csproj", "{F91BE31F-D209-497A-AD7A-7A2A0EC3C0CD}"
EndProject
Global
	GlobalSection(SolutionConfigurationPlatforms) = preSolution
		Debug|Any CPU = Debug|Any CPU
		Release|Any CPU = Release|Any CPU
	EndGlobalSection
	GlobalSection(ProjectConfigurationPlatforms) = postSolution
		{6362A3DE-FCAD-401F-B028-9FCCD5A07AB9}.Debug|Any CPU.ActiveCfg = Debug|Any CPU
		{6362A3DE-FCAD-401F-B028-9FCCD5A07AB9}.Debug|Any CPU.Build.0 = Debug|Any CPU
		{6362A3DE-FCAD-401F-B028-9FCCD5A07AB9}.Release|Any CPU.ActiveCfg = Release|Any CPU
		{6362A3DE-FCAD-401F-B028-9FCCD5A07AB9}.Release|Any CPU.Build.0 = Release|Any CPU
		{F91BE31F-D209-497A-AD7A-7A2A0EC3C0CD}.Debug|Any CPU.ActiveCfg = Debug|Any CPU
		{F91BE31F-D209-497A-AD7A-7A2A0EC3C0CD}.Debug|Any CPU.Build.0 = Debug|Any CPU
		{F91BE31F-D209-497A-AD7A-7A2A0EC3C0CD}.Release|Any CPU.ActiveCfg = Release|Any CPU
		{F91BE31F-D209-497A-AD7A-7A2A0EC3C0CD}.Release|Any CPU.Build.0 = Release|Any CPU
	EndGlobalSection
	GlobalSection(SolutionProperties) = preSolution
		HideSolutionNode = FALSE
	EndGlobalSection
	GlobalSection(ExtensibilityGlobals) = postSolution
		SolutionGuid = {81FB295D-7B1F-4EE1-8E63-B51B77AAA789}
	EndGlobalSection
EndGlobal
